
Microsoft Visual Studio Solution File, Format Version 12.00
# Visual Studio Version 17
VisualStudioVersion = 17.11.35327.3
MinimumVisualStudioVersion = 10.0.40219.1
Project("{FAE04EC0-301F-11D3-BF4B-00C04F79EFBC}") = "Fnf", "Fnf\Fnf.csproj", "{C4BC445B-F925-4267-8852-2097BC349465}"
EndProject
Project("{FAE04EC0-301F-11D3-BF4B-00C04F79EFBC}") = "Fnf.Framework", "Fnf.Framework\Fnf.Framework.csproj", "{C75478C3-64A1-45B5-B200-BA7F2852449E}"
EndProject
Project("{2150E333-8FDC-42A3-9474-1A3956D46DE8}") = "Others", "Others", "{77C30BD8-2015-4EB5-B4A9-572D1815C895}"
	ProjectSection(SolutionItems) = preProject
		Documntation.txt = Documntation.txt
		To do list.txt = To do list.txt
	EndProjectSection
EndProject
Project("{FAE04EC0-301F-11D3-BF4B-00C04F79EFBC}") = "SkinMaker", "SkinMaker\SkinMaker.csproj", "{6428D006-B136-402E-96BE-A3961FADDE6B}"
EndProject
Project("{FAE04EC0-301F-11D3-BF4B-00C04F79EFBC}") = "Fnf.Game", "Fnf.Game\Fnf.Game.csproj", "{1DFFEF30-D377-49EE-B414-5A3202FF2FC5}"
EndProject
Global
	GlobalSection(SolutionConfigurationPlatforms) = preSolution
		Debug|Any CPU = Debug|Any CPU
		Release|Any CPU = Release|Any CPU
	EndGlobalSection
	GlobalSection(ProjectConfigurationPlatforms) = postSolution
		{C4BC445B-F925-4267-8852-2097BC349465}.Debug|Any CPU.ActiveCfg = Debug|Any CPU
		{C4BC445B-F925-4267-8852-2097BC349465}.Debug|Any CPU.Build.0 = Debug|Any CPU
		{C4BC445B-F925-4267-8852-2097BC349465}.Release|Any CPU.ActiveCfg = Release|Any CPU
		{C4BC445B-F925-4267-8852-2097BC349465}.Release|Any CPU.Build.0 = Release|Any CPU
		{C75478C3-64A1-45B5-B200-BA7F2852449E}.Debug|Any CPU.ActiveCfg = Debug|Any CPU
		{C75478C3-64A1-45B5-B200-BA7F2852449E}.Debug|Any CPU.Build.0 = Debug|Any CPU
		{C75478C3-64A1-45B5-B200-BA7F2852449E}.Release|Any CPU.ActiveCfg = Release|Any CPU
		{C75478C3-64A1-45B5-B200-BA7F2852449E}.Release|Any CPU.Build.0 = Release|Any CPU
		{6428D006-B136-402E-96BE-A3961FADDE6B}.Debug|Any CPU.ActiveCfg = Debug|Any CPU
		{6428D006-B136-402E-96BE-A3961FADDE6B}.Debug|Any CPU.Build.0 = Debug|Any CPU
		{6428D006-B136-402E-96BE-A3961FADDE6B}.Release|Any CPU.ActiveCfg = Release|Any CPU
		{6428D006-B136-402E-96BE-A3961FADDE6B}.Release|Any CPU.Build.0 = Release|Any CPU
		{1DFFEF30-D377-49EE-B414-5A3202FF2FC5}.Debug|Any CPU.ActiveCfg = Debug|Any CPU
		{1DFFEF30-D377-49EE-B414-5A3202FF2FC5}.Debug|Any CPU.Build.0 = Debug|Any CPU
		{1DFFEF30-D377-49EE-B414-5A3202FF2FC5}.Release|Any CPU.ActiveCfg = Release|Any CPU
		{1DFFEF30-D377-49EE-B414-5A3202FF2FC5}.Release|Any CPU.Build.0 = Release|Any CPU
	EndGlobalSection
	GlobalSection(SolutionProperties) = preSolution
		HideSolutionNode = FALSE
	EndGlobalSection
	GlobalSection(ExtensibilityGlobals) = postSolution
		SolutionGuid = {7106082A-2A45-4C30-9364-F537FBCC02BE}
	EndGlobalSection
EndGlobal
